
Microsoft Visual Studio Solution File, Format Version 12.00
# Visual Studio 15
VisualStudioVersion = 15.0.33026.149
MinimumVisualStudioVersion = 10.0.40219.1
Project("{FAE04EC0-301F-11D3-BF4B-00C04F79EFBC}") = "CarService", "CarService\CarService.csproj", "{7DFB83B7-D275-4203-A5D9-90177C8875C9}"
EndProject
Project("{FAE04EC0-301F-11D3-BF4B-00C04F79EFBC}") = "CarServiceApp", "CarServiceApp\CarServiceApp.csproj", "{E46E3291-3EDB-4FDD-B1A1-E98331FC6F9B}"
EndProject
Global
	GlobalSection(SolutionConfigurationPlatforms) = preSolution
		Debug|Any CPU = Debug|Any CPU
		Release|Any CPU = Release|Any CPU
	EndGlobalSection
	GlobalSection(ProjectConfigurationPlatforms) = postSolution
		{7DFB83B7-D275-4203-A5D9-90177C8875C9}.Debug|Any CPU.ActiveCfg = Debug|Any CPU
		{7DFB83B7-D275-4203-A5D9-90177C8875C9}.Debug|Any CPU.Build.0 = Debug|Any CPU
		{7DFB83B7-D275-4203-A5D9-90177C8875C9}.Release|Any CPU.ActiveCfg = Release|Any CPU
		{7DFB83B7-D275-4203-A5D9-90177C8875C9}.Release|Any CPU.Build.0 = Release|Any CPU
		{E46E3291-3EDB-4FDD-B1A1-E98331FC6F9B}.Debug|Any CPU.ActiveCfg = Debug|Any CPU
		{E46E3291-3EDB-4FDD-B1A1-E98331FC6F9B}.Debug|Any CPU.Build.0 = Debug|Any CPU
		{E46E3291-3EDB-4FDD-B1A1-E98331FC6F9B}.Release|Any CPU.ActiveCfg = Release|Any CPU
		{E46E3291-3EDB-4FDD-B1A1-E98331FC6F9B}.Release|Any CPU.Build.0 = Release|Any CPU
	EndGlobalSection
	GlobalSection(SolutionProperties) = preSolution
		HideSolutionNode = FALSE
	EndGlobalSection
	GlobalSection(ExtensibilityGlobals) = postSolution
		SolutionGuid = {4FC114CC-407A-444F-BD06-E54AF87E0D9A}
	EndGlobalSection
EndGlobal
